
Microsoft Visual Studio Solution File, Format Version 12.00
# Visual Studio Version 16
VisualStudioVersion = 16.0.30907.101
MinimumVisualStudioVersion = 10.0.40219.1
Project("{FAE04EC0-301F-11D3-BF4B-00C04F79EFBC}") = "ProyectoS", "ProyectoS.csproj", "{65D30A7A-157C-440E-B4E1-BD0E18915242}"
EndProject
Global
	GlobalSection(SolutionConfigurationPlatforms) = preSolution
		Debug|Any CPU = Debug|Any CPU
		Release|Any CPU = Release|Any CPU
	EndGlobalSection
	GlobalSection(ProjectConfigurationPlatforms) = postSolution
		{65D30A7A-157C-440E-B4E1-BD0E18915242}.Debug|Any CPU.ActiveCfg = Debug|Any CPU
		{65D30A7A-157C-440E-B4E1-BD0E18915242}.Debug|Any CPU.Build.0 = Debug|Any CPU
		{65D30A7A-157C-440E-B4E1-BD0E18915242}.Release|Any CPU.ActiveCfg = Release|Any CPU
		{65D30A7A-157C-440E-B4E1-BD0E18915242}.Release|Any CPU.Build.0 = Release|Any CPU
	EndGlobalSection
	GlobalSection(SolutionProperties) = preSolution
		HideSolutionNode = FALSE
	EndGlobalSection
	GlobalSection(ExtensibilityGlobals) = postSolution
		SolutionGuid = {32F79D4F-CACA-4146-B9CE-ADE7ED8178C1}
	EndGlobalSection
EndGlobal
